<?xml version="1.0" encoding="utf-8"?>
<Project ToolsVersion="4.0" xmlns="http://schemas.microsoft.com/developer/msbuild/2003">
  <ItemGroup>
    <Filter Include="Source Files">
      <UniqueIdentifier>{4FC737F1-C7A5-4376-A066-2A32D752A2FF}</UniqueIdentifier>
      <Extensions>cpp;c;cc;cxx;def;odl;idl;hpj;bat;asm;asmx</Extensions>
    </Filter>
    <Filter Include="Header Files">
      <UniqueIdentifier>{93995380-89BD-4b04-88EB-625FBE52EBFB}</UniqueIdentifier>
      <Extensions>h;hh;hpp;hxx;hm;inl;inc;xsd</Extensions>
    </Filter>
    <Filter Include="Resource Files">
      <UniqueIdentifier>{67DA6AB6-F800-4c08-8B7A-83BB121AAD01}</UniqueIdentifier>
      <Extensions>rc;ico;cur;bmp;dlg;rc2;rct;bin;rgs;gif;jpg;jpeg;jpe;resx;tiff;tif;png;wav</Extensions>
    </Filter>
  </ItemGroup>
  <ItemGroup>
    <ClCompile Include="main.cpp">
      <Filter>Source Files</Filter>
    </ClCompile>
    <ClCompile Include="Classes\Resource\Angle.cpp">
      <Filter>Source Files</Filter>
    </ClCompile>
    <ClCompile Include="Classes\Resource\Armor.cpp">
      <Filter>Source Files</Filter>
    </ClCompile>
    <ClCompile Include="Classes\Resource\Arrow.cpp">
      <Filter>Source Files</Filter>
    </ClCompile>
    <ClCompile Include="Classes\Resource\AttributeBar.cpp">
      <Filter>Source Files</Filter>
    </ClCompile>
    <ClCompile Include="Classes\Resource\Bow.cpp">
      <Filter>Source Files</Filter>
    </ClCompile>
    <ClCompile Include="Classes\Resource\Camera.cpp">
      <Filter>Source Files</Filter>
    </ClCompile>
    <ClCompile Include="Classes\Resource\Dagger.cpp">
      <Filter>Source Files</Filter>
    </ClCompile>
    <ClCompile Include="Classes\Resource\DaggerOfSpeed.cpp">
      <Filter>Source Files</Filter>
    </ClCompile>
    <ClCompile Include="Classes\Resource\DrawableObject.cpp">
      <Filter>Source Files</Filter>
    </ClCompile>
    <ClCompile Include="Classes\Resource\Ennemy.cpp">
      <Filter>Source Files</Filter>
    </ClCompile>
    <ClCompile Include="Classes\Resource\Fireball.cpp">
      <Filter>Source Files</Filter>
    </ClCompile>
    <ClCompile Include="Classes\Resource\FireSword.cpp">
      <Filter>Source Files</Filter>
    </ClCompile>
    <ClCompile Include="Classes\Resource\Flooring.cpp">
      <Filter>Source Files</Filter>
    </ClCompile>
    <ClCompile Include="Classes\Resource\FriendlyCharacter.cpp">
      <Filter>Source Files</Filter>
    </ClCompile>
    <ClCompile Include="Classes\Resource\GameMaster.cpp">
      <Filter>Source Files</Filter>
    </ClCompile>
    <ClCompile Include="Classes\Resource\Gold.cpp">
      <Filter>Source Files</Filter>
    </ClCompile>
    <ClCompile Include="Classes\Resource\GUIElement.cpp">
      <Filter>Source Files</Filter>
    </ClCompile>
    <ClCompile Include="Classes\Resource\HittableCharacter.cpp">
      <Filter>Source Files</Filter>
    </ClCompile>
    <ClCompile Include="Classes\Resource\Item.cpp">
      <Filter>Source Files</Filter>
    </ClCompile>
    <ClCompile Include="Classes\Resource\Map.cpp">
      <Filter>Source Files</Filter>
    </ClCompile>
    <ClCompile Include="Classes\Resource\Menu.cpp">
      <Filter>Source Files</Filter>
    </ClCompile>
    <ClCompile Include="Classes\Resource\MoveableObject.cpp">
      <Filter>Source Files</Filter>
    </ClCompile>
    <ClCompile Include="Classes\Resource\PassableObject.cpp">
      <Filter>Source Files</Filter>
    </ClCompile>
    <ClCompile Include="Classes\Resource\Player.cpp">
      <Filter>Source Files</Filter>
    </ClCompile>
    <ClCompile Include="Classes\Resource\Projectile.cpp">
      <Filter>Source Files</Filter>
    </ClCompile>
    <ClCompile Include="Classes\Resource\RejuvenatingHelmet.cpp">
      <Filter>Source Files</Filter>
    </ClCompile>
    <ClCompile Include="Classes\Resource\Room.cpp">
      <Filter>Source Files</Filter>
    </ClCompile>
    <ClCompile Include="Classes\Resource\RoomObject.cpp">
      <Filter>Source Files</Filter>
    </ClCompile>
    <ClCompile Include="Classes\Resource\ScrollOfFireball.cpp">
      <Filter>Source Files</Filter>
    </ClCompile>
    <ClCompile Include="Classes\Resource\Skeleton.cpp">
      <Filter>Source Files</Filter>
    </ClCompile>
    <ClCompile Include="Classes\Resource\Skill.cpp">
      <Filter>Source Files</Filter>
    </ClCompile>
    <ClCompile Include="Classes\Resource\Skorpion.cpp">
      <Filter>Source Files</Filter>
    </ClCompile>
    <ClCompile Include="Classes\Resource\Slime.cpp">
      <Filter>Source Files</Filter>
    </ClCompile>
    <ClCompile Include="Classes\Resource\SolidObject.cpp">
      <Filter>Source Files</Filter>
    </ClCompile>
    <ClCompile Include="Classes\Resource\Sword.cpp">
      <Filter>Source Files</Filter>
    </ClCompile>
    <ClCompile Include="Classes\Resource\UnusableItem.cpp">
      <Filter>Source Files</Filter>
    </ClCompile>
    <ClCompile Include="Classes\Resource\UsableItem.cpp">
      <Filter>Source Files</Filter>
    </ClCompile>
    <ClCompile Include="Classes\Resource\Wall.cpp">
      <Filter>Source Files</Filter>
    </ClCompile>
    <ClCompile Include="Classes\Resource\Wand.cpp">
      <Filter>Source Files</Filter>
    </ClCompile>
    <ClCompile Include="Classes\Resource\WandOfDestruction.cpp">
      <Filter>Source Files</Filter>
    </ClCompile>
    <ClCompile Include="Classes\Resource\Weapon.cpp">
      <Filter>Source Files</Filter>
    </ClCompile>
    <ClCompile Include="Classes\Resource\TextureLoader.cpp">
      <Filter>Source Files</Filter>
    </ClCompile>
    <ClCompile Include="Classes\Resource\Connection.cpp">
      <Filter>Source Files</Filter>
    </ClCompile>
    <ClCompile Include="Classes\Resource\Generator.cpp">
      <Filter>Source Files</Filter>
    </ClCompile>
    <ClCompile Include="Classes\Resource\ZoneRoom.cpp">
      <Filter>Source Files</Filter>
    </ClCompile>
    <ClCompile Include="Classes\Resource\Animation.cpp">
      <Filter>Source Files</Filter>
    </ClCompile>
    <ClCompile Include="Classes\Resource\Inventory.cpp">
      <Filter>Source Files</Filter>
    </ClCompile>
    <ClCompile Include="Classes\Resource\Classe.cpp">
      <Filter>Source Files</Filter>
    </ClCompile>
    <ClCompile Include="Classes\Resource\Button.cpp">
      <Filter>Source Files</Filter>
    </ClCompile>
  </ItemGroup>
  <ItemGroup>
    <ClInclude Include="Classes\Header\Angle.hpp">
      <Filter>Header Files</Filter>
    </ClInclude>
    <ClInclude Include="Classes\Header\Armor.hpp">
      <Filter>Header Files</Filter>
    </ClInclude>
    <ClInclude Include="Classes\Header\Arrow.hpp">
      <Filter>Header Files</Filter>
    </ClInclude>
    <ClInclude Include="Classes\Header\AttributeBar.hpp">
      <Filter>Header Files</Filter>
    </ClInclude>
    <ClInclude Include="Classes\Header\Bow.hpp">
      <Filter>Header Files</Filter>
    </ClInclude>
    <ClInclude Include="Classes\Header\Camera.hpp">
      <Filter>Header Files</Filter>
    </ClInclude>
    <ClInclude Include="Classes\Header\Dagger.hpp">
      <Filter>Header Files</Filter>
    </ClInclude>
    <ClInclude Include="Classes\Header\DaggerOfSpeed.hpp">
      <Filter>Header Files</Filter>
    </ClInclude>
    <ClInclude Include="Classes\Header\DrawableObject.hpp">
      <Filter>Header Files</Filter>
    </ClInclude>
    <ClInclude Include="Classes\Header\Ennemy.hpp">
      <Filter>Header Files</Filter>
    </ClInclude>
    <ClInclude Include="Classes\Header\Fireball.hpp">
      <Filter>Header Files</Filter>
    </ClInclude>
    <ClInclude Include="Classes\Header\FireSword.hpp">
      <Filter>Header Files</Filter>
    </ClInclude>
    <ClInclude Include="Classes\Header\Flooring.hpp">
      <Filter>Header Files</Filter>
    </ClInclude>
    <ClInclude Include="Classes\Header\FriendlyCharacter.hpp">
      <Filter>Header Files</Filter>
    </ClInclude>
    <ClInclude Include="Classes\Header\GameMaster.hpp">
      <Filter>Header Files</Filter>
    </ClInclude>
    <ClInclude Include="Classes\Header\Gold.hpp">
      <Filter>Header Files</Filter>
    </ClInclude>
    <ClInclude Include="Classes\Header\GUIElement.hpp">
      <Filter>Header Files</Filter>
    </ClInclude>
    <ClInclude Include="Classes\Header\HittableCharacter.hpp">
      <Filter>Header Files</Filter>
    </ClInclude>
    <ClInclude Include="Classes\Header\Item.hpp">
      <Filter>Header Files</Filter>
    </ClInclude>
    <ClInclude Include="Classes\Header\Map.hpp">
      <Filter>Header Files</Filter>
    </ClInclude>
    <ClInclude Include="Classes\Header\Menu.hpp">
      <Filter>Header Files</Filter>
    </ClInclude>
    <ClInclude Include="Classes\Header\MoveableObject.hpp">
      <Filter>Header Files</Filter>
    </ClInclude>
    <ClInclude Include="Classes\Header\PassableObject.hpp">
      <Filter>Header Files</Filter>
    </ClInclude>
    <ClInclude Include="Classes\Header\Player.hpp">
      <Filter>Header Files</Filter>
    </ClInclude>
    <ClInclude Include="Classes\Header\Projectile.hpp">
      <Filter>Header Files</Filter>
    </ClInclude>
    <ClInclude Include="Classes\Header\RejuvenatingHelmet.hpp">
      <Filter>Header Files</Filter>
    </ClInclude>
    <ClInclude Include="Classes\Header\Room.hpp">
      <Filter>Header Files</Filter>
    </ClInclude>
    <ClInclude Include="Classes\Header\RoomObject.hpp">
      <Filter>Header Files</Filter>
    </ClInclude>
    <ClInclude Include="Classes\Header\ScrollOfFireball.hpp">
      <Filter>Header Files</Filter>
    </ClInclude>
    <ClInclude Include="Classes\Header\Skeleton.hpp">
      <Filter>Header Files</Filter>
    </ClInclude>
    <ClInclude Include="Classes\Header\Skill.hpp">
      <Filter>Header Files</Filter>
    </ClInclude>
    <ClInclude Include="Classes\Header\Skorpion.hpp">
      <Filter>Header Files</Filter>
    </ClInclude>
    <ClInclude Include="Classes\Header\Slime.hpp">
      <Filter>Header Files</Filter>
    </ClInclude>
    <ClInclude Include="Classes\Header\SolidObject.hpp">
      <Filter>Header Files</Filter>
    </ClInclude>
    <ClInclude Include="Classes\Header\Sword.hpp">
      <Filter>Header Files</Filter>
    </ClInclude>
    <ClInclude Include="Classes\Header\UnusableItem.hpp">
      <Filter>Header Files</Filter>
    </ClInclude>
    <ClInclude Include="Classes\Header\UsableItem.hpp">
      <Filter>Header Files</Filter>
    </ClInclude>
    <ClInclude Include="Classes\Header\Wall.hpp">
      <Filter>Header Files</Filter>
    </ClInclude>
    <ClInclude Include="Classes\Header\Wand.hpp">
      <Filter>Header Files</Filter>
    </ClInclude>
    <ClInclude Include="Classes\Header\WandOfDestruction.hpp">
      <Filter>Header Files</Filter>
    </ClInclude>
    <ClInclude Include="Classes\Header\Weapon.hpp">
      <Filter>Header Files</Filter>
    </ClInclude>
    <ClInclude Include="Classes\Header\TextureLoader.h">
      <Filter>Header Files</Filter>
    </ClInclude>
    <ClInclude Include="Classes\Header\Connection.hpp">
      <Filter>Header Files</Filter>
    </ClInclude>
    <ClInclude Include="Classes\Header\Generator.hpp">
      <Filter>Header Files</Filter>
    </ClInclude>
    <ClInclude Include="Classes\Header\ZoneRoom.hpp">
      <Filter>Header Files</Filter>
    </ClInclude>
    <ClInclude Include="Classes\Header\Animation.hpp">
      <Filter>Header Files</Filter>
    </ClInclude>
    <ClInclude Include="Classes\Header\Inventory.hpp">
      <Filter>Header Files</Filter>
    </ClInclude>
    <ClInclude Include="Classes\Header\Classe.hpp">
      <Filter>Header Files</Filter>
    </ClInclude>
    <ClInclude Include="Classes\Header\Button.hpp">
      <Filter>Header Files</Filter>
    </ClInclude>
  </ItemGroup>
  <ItemGroup>
    <None Include="bin\Debug\sfml-network-2.dll" />
    <None Include="bin\Debug\sfml-network-d-2.dll" />
    <None Include="bin\Debug\sfml-system-2.dll" />
    <None Include="bin\Debug\sfml-system-d-2.dll" />
    <None Include="bin\Debug\sfml-window-2.dll" />
    <None Include="bin\Debug\sfml-window-d-2.dll" />
    <None Include="bin\Debug\openal32.dll" />
    <None Include="bin\Debug\sfml-audio-2.dll" />
    <None Include="bin\Debug\sfml-audio-d-2.dll" />
    <None Include="bin\Debug\sfml-graphics-2.dll" />
    <None Include="bin\Debug\sfml-graphics-d-2.dll" />
    <None Include="Ressources\ana.ogg" />
    <None Include="Ressources\orchestral.ogg" />
    <None Include="openal32.dll" />
    <None Include="projet test.cbp" />
    <None Include="sfml-audio-2.dll" />
    <None Include="sfml-audio-d-2.dll" />
    <None Include="sfml-graphics-2.dll" />
    <None Include="sfml-graphics-d-2.dll" />
    <None Include="sfml-network-2.dll" />
    <None Include="sfml-network-d-2.dll" />
    <None Include="sfml-system-2.dll" />
    <None Include="sfml-system-d-2.dll" />
    <None Include="sfml-window-2.dll" />
    <None Include="sfml-window-d-2.dll" />
  </ItemGroup>
  <ItemGroup>
    <Media Include="Ressources\ana.mp3" />
  </ItemGroup>
  <ItemGroup>
    <Image Include="Ressources\Arrow.jpg">
      <Filter>Resource Files</Filter>
    </Image>
    <Image Include="Ressources\defaultTexture.png">
      <Filter>Resource Files</Filter>
    </Image>
    <Image Include="Ressources\FireSword.jpg">
      <Filter>Resource Files</Filter>
    </Image>
    <Image Include="Ressources\player.jpg">
      <Filter>Resource Files</Filter>
    </Image>
    <Image Include="Ressources\playerTempo.png">
      <Filter>Resource Files</Filter>
    </Image>
    <Image Include="Ressources\sword.jpg">
      <Filter>Resource Files</Filter>
    </Image>
    <Image Include="Ressources\img\projectile\arrow.png">
      <Filter>Resource Files</Filter>
    </Image>
    <Image Include="Ressources\img\player\knight\knight_f_hit_anim_f0.png">
      <Filter>Resource Files</Filter>
    </Image>
    <Image Include="Ressources\img\player\knight\knight_f_idle_anim_f0.png">
      <Filter>Resource Files</Filter>
    </Image>
    <Image Include="Ressources\img\player\knight\knight_f_idle_anim_f1.png">
      <Filter>Resource Files</Filter>
    </Image>
    <Image Include="Ressources\img\player\knight\knight_f_idle_anim_f2.png">
      <Filter>Resource Files</Filter>
    </Image>
    <Image Include="Ressources\img\player\knight\knight_f_idle_anim_f3.png">
      <Filter>Resource Files</Filter>
    </Image>
    <Image Include="Ressources\img\player\knight\knight_f_run_anim_f0.png">
      <Filter>Resource Files</Filter>
    </Image>
    <Image Include="Ressources\img\player\knight\knight_f_run_anim_f1.png">
      <Filter>Resource Files</Filter>
    </Image>
    <Image Include="Ressources\img\player\knight\knight_f_run_anim_f2.png">
      <Filter>Resource Files</Filter>
    </Image>
    <Image Include="Ressources\img\player\knight\knight_f_run_anim_f3.png">
      <Filter>Resource Files</Filter>
    </Image>
    <Image Include="Ressources\img\player\knight\knight_m_hit_anim_f0.png">
      <Filter>Resource Files</Filter>
    </Image>
    <Image Include="Ressources\img\player\knight\knight_m_idle_anim_f0.png">
      <Filter>Resource Files</Filter>
    </Image>
    <Image Include="Ressources\img\player\knight\knight_m_idle_anim_f1.png">
      <Filter>Resource Files</Filter>
    </Image>
    <Image Include="Ressources\img\player\knight\knight_m_idle_anim_f2.png">
      <Filter>Resource Files</Filter>
    </Image>
    <Image Include="Ressources\img\player\knight\knight_m_idle_anim_f3.png">
      <Filter>Resource Files</Filter>
    </Image>
    <Image Include="Ressources\img\player\knight\knight_m_run_anim_f0.png">
      <Filter>Resource Files</Filter>
    </Image>
    <Image Include="Ressources\img\player\knight\knight_m_run_anim_f1.png">
      <Filter>Resource Files</Filter>
    </Image>
    <Image Include="Ressources\img\player\knight\knight_m_run_anim_f2.png">
      <Filter>Resource Files</Filter>
    </Image>
    <Image Include="Ressources\img\player\knight\knight_m_run_anim_f3.png">
      <Filter>Resource Files</Filter>
    </Image>
    <Image Include="Ressources\img\player\lizard_a\lizard_f_hit_anim_f0.png">
      <Filter>Resource Files</Filter>
    </Image>
    <Image Include="Ressources\img\player\lizard_a\lizard_f_idle_anim_f0.png">
      <Filter>Resource Files</Filter>
    </Image>
    <Image Include="Ressources\img\player\lizard_a\lizard_f_idle_anim_f1.png">
      <Filter>Resource Files</Filter>
    </Image>
    <Image Include="Ressources\img\player\lizard_a\lizard_f_idle_anim_f2.png">
      <Filter>Resource Files</Filter>
    </Image>
    <Image Include="Ressources\img\player\lizard_a\lizard_f_idle_anim_f3.png">
      <Filter>Resource Files</Filter>
    </Image>
    <Image Include="Ressources\img\player\lizard_a\lizard_f_run_anim_f0.png">
      <Filter>Resource Files</Filter>
    </Image>
    <Image Include="Ressources\img\player\lizard_a\lizard_f_run_anim_f1.png">
      <Filter>Resource Files</Filter>
    </Image>
    <Image Include="Ressources\img\player\lizard_a\lizard_f_run_anim_f2.png">
      <Filter>Resource Files</Filter>
    </Image>
    <Image Include="Ressources\img\player\lizard_a\lizard_f_run_anim_f3.png">
      <Filter>Resource Files</Filter>
    </Image>
    <Image Include="Ressources\img\player\lizard_b\lizard_m_hit_anim_f0.png">
      <Filter>Resource Files</Filter>
    </Image>
    <Image Include="Ressources\img\player\lizard_b\lizard_m_idle_anim_f0.png">
      <Filter>Resource Files</Filter>
    </Image>
    <Image Include="Ressources\img\player\lizard_b\lizard_m_idle_anim_f1.png">
      <Filter>Resource Files</Filter>
    </Image>
    <Image Include="Ressources\img\player\lizard_b\lizard_m_idle_anim_f2.png">
      <Filter>Resource Files</Filter>
    </Image>
    <Image Include="Ressources\img\player\lizard_b\lizard_m_idle_anim_f3.png">
      <Filter>Resource Files</Filter>
    </Image>
    <Image Include="Ressources\img\player\lizard_b\lizard_m_run_anim_f0.png">
      <Filter>Resource Files</Filter>
    </Image>
    <Image Include="Ressources\img\player\lizard_b\lizard_m_run_anim_f1.png">
      <Filter>Resource Files</Filter>
    </Image>
    <Image Include="Ressources\img\player\lizard_b\lizard_m_run_anim_f2.png">
      <Filter>Resource Files</Filter>
    </Image>
    <Image Include="Ressources\img\player\lizard_b\lizard_m_run_anim_f3.png">
      <Filter>Resource Files</Filter>
    </Image>
  </ItemGroup>
  <ItemGroup>
    <None Include="projet test.cbp" />
    <None Include="Ressources\ana.ogg" />
    <None Include="Ressources\orchestral.ogg" />
    <None Include="sfml-audio-2.dll" />
    <None Include="sfml-audio-d-2.dll" />
    <None Include="sfml-graphics-2.dll" />
    <None Include="sfml-graphics-d-2.dll" />
    <None Include="sfml-network-2.dll" />
    <None Include="sfml-network-d-2.dll" />
    <None Include="sfml-system-2.dll" />
    <None Include="sfml-system-d-2.dll" />
    <None Include="sfml-window-2.dll" />
    <None Include="sfml-window-d-2.dll" />
    <None Include="openal32.dll" />
  </ItemGroup>
  <ItemGroup>
    <Image Include="Ressources\sword.jpg">
      <Filter>Resource Files</Filter>
    </Image>
    <Image Include="Ressources\Arrow.jpg">
      <Filter>Resource Files</Filter>
    </Image>
    <Image Include="Ressources\defaultTexture.png">
      <Filter>Resource Files</Filter>
    </Image>
    <Image Include="Ressources\FireSword.jpg">
      <Filter>Resource Files</Filter>
    </Image>
    <Image Include="Ressources\player.jpg">
      <Filter>Resource Files</Filter>
    </Image>
    <Image Include="Ressources\playerTempo.png">
      <Filter>Resource Files</Filter>
    </Image>
  </ItemGroup>
  <ItemGroup>
    <Media Include="Ressources\ana.mp3" />
  </ItemGroup>
</Project>